
Microsoft Visual Studio Solution File, Format Version 12.00
# Visual Studio Version 17
VisualStudioVersion = 17.5.33502.453
MinimumVisualStudioVersion = 10.0.40219.1
Project("{FAE04EC0-301F-11D3-BF4B-00C04F79EFBC}") = "BESHOPDIENTHOAI", "BESHOPDIENTHOAI\BESHOPDIENTHOAI.csproj", "{DFA8391D-1314-4B57-864C-A4C7DCE45954}"
EndProject
Global
	GlobalSection(SolutionConfigurationPlatforms) = preSolution
		Debug|Any CPU = Debug|Any CPU
		Release|Any CPU = Release|Any CPU
	EndGlobalSection
	GlobalSection(ProjectConfigurationPlatforms) = postSolution
		{DFA8391D-1314-4B57-864C-A4C7DCE45954}.Debug|Any CPU.ActiveCfg = Debug|Any CPU
		{DFA8391D-1314-4B57-864C-A4C7DCE45954}.Debug|Any CPU.Build.0 = Debug|Any CPU
		{DFA8391D-1314-4B57-864C-A4C7DCE45954}.Release|Any CPU.ActiveCfg = Release|Any CPU
		{DFA8391D-1314-4B57-864C-A4C7DCE45954}.Release|Any CPU.Build.0 = Release|Any CPU
	EndGlobalSection
	GlobalSection(SolutionProperties) = preSolution
		HideSolutionNode = FALSE
	EndGlobalSection
	GlobalSection(ExtensibilityGlobals) = postSolution
		SolutionGuid = {74E84085-7458-4C6F-894E-ADB040A8BEF4}
	EndGlobalSection
EndGlobal
